
Microsoft Visual Studio Solution File, Format Version 12.00
# Visual Studio Version 17
VisualStudioVersion = 17.0.31903.59
MinimumVisualStudioVersion = 10.0.40219.1
Project("{2150E333-8FDC-42A3-9474-1A3956D46DE8}") = "src", "src", "{827E0CD3-B72D-47B6-A68D-7590B98EB39B}"
EndProject
Project("{FAE04EC0-301F-11D3-BF4B-00C04F79EFBC}") = "ScheduleCenter.Core", "src\ScheduleCenter.Core\ScheduleCenter.Core.csproj", "{56DDB94C-AA81-4962-8814-7084F32864FC}"
EndProject
Project("{FAE04EC0-301F-11D3-BF4B-00C04F79EFBC}") = "ScheduleCenter", "src\ScheduleCenter\ScheduleCenter.csproj", "{C09D9302-5749-4A28-B304-FA560A533E55}"
EndProject
Project("{FAE04EC0-301F-11D3-BF4B-00C04F79EFBC}") = "ScheduleCenter.Core.Tests", "tests\ScheduleCenter.Core.Tests\ScheduleCenter.Core.Tests.csproj", "{1CF16FEF-CF7C-4010-AA1E-32C788462FAC}"
EndProject
Global
	GlobalSection(SolutionConfigurationPlatforms) = preSolution
		Debug|Any CPU = Debug|Any CPU
		Debug|x64 = Debug|x64
		Debug|x86 = Debug|x86
		Release|Any CPU = Release|Any CPU
		Release|x64 = Release|x64
		Release|x86 = Release|x86
	EndGlobalSection
	GlobalSection(ProjectConfigurationPlatforms) = postSolution
		{56DDB94C-AA81-4962-8814-7084F32864FC}.Debug|Any CPU.ActiveCfg = Debug|Any CPU
		{56DDB94C-AA81-4962-8814-7084F32864FC}.Debug|Any CPU.Build.0 = Debug|Any CPU
		{56DDB94C-AA81-4962-8814-7084F32864FC}.Debug|x64.ActiveCfg = Debug|Any CPU
		{56DDB94C-AA81-4962-8814-7084F32864FC}.Debug|x64.Build.0 = Debug|Any CPU
		{56DDB94C-AA81-4962-8814-7084F32864FC}.Debug|x86.ActiveCfg = Debug|Any CPU
		{56DDB94C-AA81-4962-8814-7084F32864FC}.Debug|x86.Build.0 = Debug|Any CPU
		{56DDB94C-AA81-4962-8814-7084F32864FC}.Release|Any CPU.ActiveCfg = Release|Any CPU
		{56DDB94C-AA81-4962-8814-7084F32864FC}.Release|Any CPU.Build.0 = Release|Any CPU
		{56DDB94C-AA81-4962-8814-7084F32864FC}.Release|x64.ActiveCfg = Release|Any CPU
		{56DDB94C-AA81-4962-8814-7084F32864FC}.Release|x64.Build.0 = Release|Any CPU
		{56DDB94C-AA81-4962-8814-7084F32864FC}.Release|x86.ActiveCfg = Release|Any CPU
		{56DDB94C-AA81-4962-8814-7084F32864FC}.Release|x86.Build.0 = Release|Any CPU
		{C09D9302-5749-4A28-B304-FA560A533E55}.Debug|Any CPU.ActiveCfg = Debug|Any CPU
		{C09D9302-5749-4A28-B304-FA560A533E55}.Debug|Any CPU.Build.0 = Debug|Any CPU
		{C09D9302-5749-4A28-B304-FA560A533E55}.Debug|x64.ActiveCfg = Debug|Any CPU
		{C09D9302-5749-4A28-B304-FA560A533E55}.Debug|x64.Build.0 = Debug|Any CPU
		{C09D9302-5749-4A28-B304-FA560A533E55}.Debug|x86.ActiveCfg = Debug|Any CPU
		{C09D9302-5749-4A28-B304-FA560A533E55}.Debug|x86.Build.0 = Debug|Any CPU
		{C09D9302-5749-4A28-B304-FA560A533E55}.Release|Any CPU.ActiveCfg = Release|Any CPU
		{C09D9302-5749-4A28-B304-FA560A533E55}.Release|Any CPU.Build.0 = Release|Any CPU
		{C09D9302-5749-4A28-B304-FA560A533E55}.Release|x64.ActiveCfg = Release|Any CPU
		{C09D9302-5749-4A28-B304-FA560A533E55}.Release|x64.Build.0 = Release|Any CPU
		{C09D9302-5749-4A28-B304-FA560A533E55}.Release|x86.ActiveCfg = Release|Any CPU
		{C09D9302-5749-4A28-B304-FA560A533E55}.Release|x86.Build.0 = Release|Any CPU
		{1CF16FEF-CF7C-4010-AA1E-32C788462FAC}.Debug|Any CPU.ActiveCfg = Debug|Any CPU
		{1CF16FEF-CF7C-4010-AA1E-32C788462FAC}.Debug|Any CPU.Build.0 = Debug|Any CPU
		{1CF16FEF-CF7C-4010-AA1E-32C788462FAC}.Debug|x64.ActiveCfg = Debug|Any CPU
		{1CF16FEF-CF7C-4010-AA1E-32C788462FAC}.Debug|x64.Build.0 = Debug|Any CPU
		{1CF16FEF-CF7C-4010-AA1E-32C788462FAC}.Debug|x86.ActiveCfg = Debug|Any CPU
		{1CF16FEF-CF7C-4010-AA1E-32C788462FAC}.Debug|x86.Build.0 = Debug|Any CPU
		{1CF16FEF-CF7C-4010-AA1E-32C788462FAC}.Release|Any CPU.ActiveCfg = Release|Any CPU
		{1CF16FEF-CF7C-4010-AA1E-32C788462FAC}.Release|Any CPU.Build.0 = Release|Any CPU
		{1CF16FEF-CF7C-4010-AA1E-32C788462FAC}.Release|x64.ActiveCfg = Release|Any CPU
		{1CF16FEF-CF7C-4010-AA1E-32C788462FAC}.Release|x64.Build.0 = Release|Any CPU
		{1CF16FEF-CF7C-4010-AA1E-32C788462FAC}.Release|x86.ActiveCfg = Release|Any CPU
		{1CF16FEF-CF7C-4010-AA1E-32C788462FAC}.Release|x86.Build.0 = Release|Any CPU
	EndGlobalSection
	GlobalSection(SolutionProperties) = preSolution
		HideSolutionNode = FALSE
	EndGlobalSection
	GlobalSection(NestedProjects) = preSolution
		{56DDB94C-AA81-4962-8814-7084F32864FC} = {827E0CD3-B72D-47B6-A68D-7590B98EB39B}
		{C09D9302-5749-4A28-B304-FA560A533E55} = {827E0CD3-B72D-47B6-A68D-7590B98EB39B}
		{1CF16FEF-CF7C-4010-AA1E-32C788462FAC} = {827E0CD3-B72D-47B6-A68D-7590B98EB39B}
	EndGlobalSection
EndGlobal
